
Microsoft Visual Studio Solution File, Format Version 12.00
# Visual Studio Version 16
VisualStudioVersion = 16.0.32002.261
MinimumVisualStudioVersion = 10.0.40219.1
Project("{FAE04EC0-301F-11D3-BF4B-00C04F79EFBC}") = "MutexExample", "MutexExample\MutexExample.csproj", "{6C5E2573-18DC-443F-ADF4-343FF769DE04}"
EndProject
Global
	GlobalSection(SolutionConfigurationPlatforms) = preSolution
		Debug|Any CPU = Debug|Any CPU
		Release|Any CPU = Release|Any CPU
	EndGlobalSection
	GlobalSection(ProjectConfigurationPlatforms) = postSolution
		{6C5E2573-18DC-443F-ADF4-343FF769DE04}.Debug|Any CPU.ActiveCfg = Debug|Any CPU
		{6C5E2573-18DC-443F-ADF4-343FF769DE04}.Debug|Any CPU.Build.0 = Debug|Any CPU
		{6C5E2573-18DC-443F-ADF4-343FF769DE04}.Release|Any CPU.ActiveCfg = Release|Any CPU
		{6C5E2573-18DC-443F-ADF4-343FF769DE04}.Release|Any CPU.Build.0 = Release|Any CPU
	EndGlobalSection
	GlobalSection(SolutionProperties) = preSolution
		HideSolutionNode = FALSE
	EndGlobalSection
	GlobalSection(ExtensibilityGlobals) = postSolution
		SolutionGuid = {397DDE2E-ACF1-44FC-AE3B-BE12A1B3D2CB}
	EndGlobalSection
EndGlobal
