
Microsoft Visual Studio Solution File, Format Version 12.00
# Visual Studio Version 16
VisualStudioVersion = 16.0.32002.261
MinimumVisualStudioVersion = 10.0.40219.1
Project("{FAE04EC0-301F-11D3-BF4B-00C04F79EFBC}") = "TimerDemo", "TimerDemo\TimerDemo.csproj", "{B63C6AC1-7044-4D5D-B32E-E22D1C8306C9}"
EndProject
Global
	GlobalSection(SolutionConfigurationPlatforms) = preSolution
		Debug|Any CPU = Debug|Any CPU
		Release|Any CPU = Release|Any CPU
	EndGlobalSection
	GlobalSection(ProjectConfigurationPlatforms) = postSolution
		{B63C6AC1-7044-4D5D-B32E-E22D1C8306C9}.Debug|Any CPU.ActiveCfg = Debug|Any CPU
		{B63C6AC1-7044-4D5D-B32E-E22D1C8306C9}.Debug|Any CPU.Build.0 = Debug|Any CPU
		{B63C6AC1-7044-4D5D-B32E-E22D1C8306C9}.Release|Any CPU.ActiveCfg = Release|Any CPU
		{B63C6AC1-7044-4D5D-B32E-E22D1C8306C9}.Release|Any CPU.Build.0 = Release|Any CPU
	EndGlobalSection
	GlobalSection(SolutionProperties) = preSolution
		HideSolutionNode = FALSE
	EndGlobalSection
	GlobalSection(ExtensibilityGlobals) = postSolution
		SolutionGuid = {1D5A420C-F008-4C07-8AA0-F9925624C022}
	EndGlobalSection
EndGlobal
