
Microsoft Visual Studio Solution File, Format Version 12.00
# Visual Studio Version 16
VisualStudioVersion = 16.0.32002.261
MinimumVisualStudioVersion = 10.0.40219.1
Project("{FAE04EC0-301F-11D3-BF4B-00C04F79EFBC}") = "DeadLockDemo", "DeadLockDemo\DeadLockDemo.csproj", "{F4F13B6E-ADBD-45D0-A0F8-05709A2CF200}"
EndProject
Global
	GlobalSection(SolutionConfigurationPlatforms) = preSolution
		Debug|Any CPU = Debug|Any CPU
		Release|Any CPU = Release|Any CPU
	EndGlobalSection
	GlobalSection(ProjectConfigurationPlatforms) = postSolution
		{F4F13B6E-ADBD-45D0-A0F8-05709A2CF200}.Debug|Any CPU.ActiveCfg = Debug|Any CPU
		{F4F13B6E-ADBD-45D0-A0F8-05709A2CF200}.Debug|Any CPU.Build.0 = Debug|Any CPU
		{F4F13B6E-ADBD-45D0-A0F8-05709A2CF200}.Release|Any CPU.ActiveCfg = Release|Any CPU
		{F4F13B6E-ADBD-45D0-A0F8-05709A2CF200}.Release|Any CPU.Build.0 = Release|Any CPU
	EndGlobalSection
	GlobalSection(SolutionProperties) = preSolution
		HideSolutionNode = FALSE
	EndGlobalSection
	GlobalSection(ExtensibilityGlobals) = postSolution
		SolutionGuid = {500C7CD5-723F-4060-9EEA-C9386F124E51}
	EndGlobalSection
EndGlobal
